
Microsoft Visual Studio Solution File, Format Version 12.00
# Visual Studio 14
VisualStudioVersion = 14.0.23107.0
MinimumVisualStudioVersion = 10.0.40219.1
Project("{FAE04EC0-301F-11D3-BF4B-00C04F79EFBC}") = "Animais_trabalho_CRUD", "Animais_trabalho_CRUD\Animais_trabalho_CRUD.csproj", "{7627BD06-F3A1-480F-8FA4-1172A90F163F}"
EndProject
Global
	GlobalSection(SolutionConfigurationPlatforms) = preSolution
		Debug|Any CPU = Debug|Any CPU
		Release|Any CPU = Release|Any CPU
	EndGlobalSection
	GlobalSection(ProjectConfigurationPlatforms) = postSolution
		{7627BD06-F3A1-480F-8FA4-1172A90F163F}.Debug|Any CPU.ActiveCfg = Debug|Any CPU
		{7627BD06-F3A1-480F-8FA4-1172A90F163F}.Debug|Any CPU.Build.0 = Debug|Any CPU
		{7627BD06-F3A1-480F-8FA4-1172A90F163F}.Release|Any CPU.ActiveCfg = Release|Any CPU
		{7627BD06-F3A1-480F-8FA4-1172A90F163F}.Release|Any CPU.Build.0 = Release|Any CPU
	EndGlobalSection
	GlobalSection(SolutionProperties) = preSolution
		HideSolutionNode = FALSE
	EndGlobalSection
EndGlobal
