
Microsoft Visual Studio Solution File, Format Version 12.00
# Visual Studio 14
VisualStudioVersion = 14.0.23107.0
MinimumVisualStudioVersion = 10.0.40219.1
Project("{FAE04EC0-301F-11D3-BF4B-00C04F79EFBC}") = "exemplo_crud", "exemplo_crud\exemplo_crud.csproj", "{324C22BB-18D4-4131-9AE7-C7D8B065D20F}"
EndProject
Global
	GlobalSection(SolutionConfigurationPlatforms) = preSolution
		Debug|Any CPU = Debug|Any CPU
		Release|Any CPU = Release|Any CPU
	EndGlobalSection
	GlobalSection(ProjectConfigurationPlatforms) = postSolution
		{324C22BB-18D4-4131-9AE7-C7D8B065D20F}.Debug|Any CPU.ActiveCfg = Debug|Any CPU
		{324C22BB-18D4-4131-9AE7-C7D8B065D20F}.Debug|Any CPU.Build.0 = Debug|Any CPU
		{324C22BB-18D4-4131-9AE7-C7D8B065D20F}.Release|Any CPU.ActiveCfg = Release|Any CPU
		{324C22BB-18D4-4131-9AE7-C7D8B065D20F}.Release|Any CPU.Build.0 = Release|Any CPU
	EndGlobalSection
	GlobalSection(SolutionProperties) = preSolution
		HideSolutionNode = FALSE
	EndGlobalSection
EndGlobal
